// !$*UTF8*$!
{
	archiveVersion = 1;
	classes = {
	};
	objectVersion = 50;
	objects = {

/* Begin PBXBuildFile section */
		9EC9C3E525495FB800455FDB /* AppDelegate.swift in Sources */ = {isa = PBXBuildFile; fileRef = 9EC9C3E425495FB800455FDB /* AppDelegate.swift */; };
		9EC9C3E725495FB800455FDB /* SceneDelegate.swift in Sources */ = {isa = PBXBuildFile; fileRef = 9EC9C3E625495FB800455FDB /* SceneDelegate.swift */; };
		9EC9C3E925495FB800455FDB /* ViewController.swift in Sources */ = {isa = PBXBuildFile; fileRef = 9EC9C3E825495FB800455FDB /* ViewController.swift */; };
		9EC9C3EC25495FB800455FDB /* Main.storyboard in Resources */ = {isa = PBXBuildFile; fileRef = 9EC9C3EA25495FB800455FDB /* Main.storyboard */; };
		9EC9C3EE25495FB900455FDB /* Assets.xcassets in Resources */ = {isa = PBXBuildFile; fileRef = 9EC9C3ED25495FB900455FDB /* Assets.xcassets */; };
		9EC9C3F125495FB900455FDB /* LaunchScreen.storyboard in Resources */ = {isa = PBXBuildFile; fileRef = 9EC9C3EF25495FB900455FDB /* LaunchScreen.storyboard */; };
		9EC9C3FA254AA51C00455FDB /* EmployeeNewViewController.swift in Sources */ = {isa = PBXBuildFile; fileRef = 9EC9C3F9254AA51C00455FDB /* EmployeeNewViewController.swift */; };
/* End PBXBuildFile section */

/* Begin PBXFileReference section */
		9EC9C3E125495FB800455FDB /* AppBuild.app */ = {isa = PBXFileReference; explicitFileType = wrapper.application; includeInIndex = 0; path = AppBuild.app; sourceTree = BUILT_PRODUCTS_DIR; };
		9EC9C3E425495FB800455FDB /* AppDelegate.swift */ = {isa = PBXFileReference; lastKnownFileType = sourcecode.swift; path = AppDelegate.swift; sourceTree = "<group>"; };
		9EC9C3E625495FB800455FDB /* SceneDelegate.swift */ = {isa = PBXFileReference; lastKnownFileType = sourcecode.swift; path = SceneDelegate.swift; sourceTree = "<group>"; };
		9EC9C3E825495FB800455FDB /* ViewController.swift */ = {isa = PBXFileReference; lastKnownFileType = sourcecode.swift; path = ViewController.swift; sourceTree = "<group>"; };
		9EC9C3EB25495FB800455FDB /* Base */ = {isa = PBXFileReference; lastKnownFileType = file.storyboard; name = Base; path = Base.lproj/Main.storyboard; sourceTree = "<group>"; };
		9EC9C3ED25495FB900455FDB /* Assets.xcassets */ = {isa = PBXFileReference; lastKnownFileType = folder.assetcatalog; path = Assets.xcassets; sourceTree = "<group>"; };
		9EC9C3F025495FB900455FDB /* Base */ = {isa = PBXFileReference; lastKnownFileType = file.storyboard; name = Base; path = Base.lproj/LaunchScreen.storyboard; sourceTree = "<group>"; };
		9EC9C3F225495FB900455FDB /* Info.plist */ = {isa = PBXFileReference; lastKnownFileType = text.plist.xml; path = Info.plist; sourceTree = "<group>"; };
		9EC9C3F9254AA51C00455FDB /* EmployeeNewViewController.swift */ = {isa = PBXFileReference; lastKnownFileType = sourcecode.swift; path = EmployeeNewViewController.swift; sourceTree = "<group>"; };
/* End PBXFileReference section */

/* Begin PBXFrameworksBuildPhase section */
		9EC9C3DE25495FB800455FDB /* Frameworks */ = {
			isa = PBXFrameworksBuildPhase;
			buildActionMask = 2147483647;
			files = (
			);
			runOnlyForDeploymentPostprocessing = 0;
		};
/* End PBXFrameworksBuildPhase section */

/* Begin PBXGroup section */
		9EC9C3D825495FB800455FDB = {
			isa = PBXGroup;
			children = (
				9EC9C3E325495FB800455FDB /* AppBuild */,
				9EC9C3E225495FB800455FDB /* Products */,
			);
			sourceTree = "<group>";
		};
		9EC9C3E225495FB800455FDB /* Products */ = {
			isa = PBXGroup;
			children = (
				9EC9C3E125495FB800455FDB /* AppBuild.app */,
			);
			name = Products;
			sourceTree = "<group>";
		};
		9EC9C3E325495FB800455FDB /* AppBuild */ = {
			isa = PBXGroup;
			children = (
				9EC9C3E425495FB800455FDB /* AppDelegate.swift */,
				9EC9C3E625495FB800455FDB /* SceneDelegate.swift */,
				9EC9C3E825495FB800455FDB /* ViewController.swift */,
				9EC9C3F9254AA51C00455FDB /* EmployeeNewViewController.swift */,
				9EC9C3EA25495FB800455FDB /* Main.storyboard */,
				9EC9C3ED25495FB900455FDB /* Assets.xcassets */,
				9EC9C3EF25495FB900455FDB /* LaunchScreen.storyboard */,
				9EC9C3F225495FB900455FDB /* Info.plist */,
			);
			path = AppBuild;
			sourceTree = "<group>";
		};
/* End PBXGroup section */

/* Begin PBXNativeTarget section */
		9EC9C3E025495FB800455FDB /* AppBuild */ = {
			isa = PBXNativeTarget;
			buildConfigurationList = 9EC9C3F525495FB900455FDB /* Build configuration list for PBXNativeTarget "AppBuild" */;
			buildPhases = (
				9EC9C3DD25495FB800455FDB /* Sources */,
				9EC9C3DE25495FB800455FDB /* Frameworks */,
				9EC9C3DF25495FB800455FDB /* Resources */,
			);
			buildRules = (
			);
			dependencies = (
			);
			name = AppBuild;
			productName = AppBuild;
			productReference = 9EC9C3E125495FB800455FDB /* AppBuild.app */;
			productType = "com.apple.product-type.application";
		};
/* End PBXNativeTarget section */

/* Begin PBXProject section */
		9EC9C3D925495FB800455FDB /* Project object */ = {
			isa = PBXProject;
			attributes = {
				LastSwiftUpdateCheck = 1200;
				LastUpgradeCheck = 1200;
				TargetAttributes = {
					9EC9C3E025495FB800455FDB = {
						CreatedOnToolsVersion = 12.0.1;
					};
				};
			};
			buildConfigurationList = 9EC9C3DC25495FB800455FDB /* Build configuration list for PBXProject "AppBuild" */;
			compatibilityVersion = "Xcode 9.3";
			developmentRegion = en;
			hasScannedForEncodings = 0;
			knownRegions = (
				en,
				Base,
			);
			mainGroup = 9EC9C3D825495FB800455FDB;
			productRefGroup = 9EC9C3E225495FB800455FDB /* Products */;
			projectDirPath = "";
			projectRoot = "";
			targets = (
				9EC9C3E025495FB800455FDB /* AppBuild */,
			);
		};
/* End PBXProject section */

/* Begin PBXResourcesBuildPhase section */
		9EC9C3DF25495FB800455FDB /* Resources */ = {
			isa = PBXResourcesBuildPhase;
			buildActionMask = 2147483647;
			files = (
				9EC9C3F125495FB900455FDB /* LaunchScreen.storyboard in Resources */,
				9EC9C3EE25495FB900455FDB /* Assets.xcassets in Resources */,
				9EC9C3EC25495FB800455FDB /* Main.storyboard in Resources */,
			);
			runOnlyForDeploymentPostprocessing = 0;
		};
/* End PBXResourcesBuildPhase section */

/* Begin PBXSourcesBuildPhase section */
		9EC9C3DD25495FB800455FDB /* Sources */ = {
			isa = PBXSourcesBuildPhase;
			buildActionMask = 2147483647;
			files = (
				9EC9C3E925495FB800455FDB /* ViewController.swift in Sources */,
				9EC9C3E525495FB800455FDB /* AppDelegate.swift in Sources */,
				9EC9C3E725495FB800455FDB /* SceneDelegate.swift in Sources */,
				9EC9C3FA254AA51C00455FDB /* EmployeeNewViewController.swift in Sources */,
			);
			runOnlyForDeploymentPostprocessing = 0;
		};
/* End PBXSourcesBuildPhase section */

/* Begin PBXVariantGroup section */
		9EC9C3EA25495FB800455FDB /* Main.storyboard */ = {
			isa = PBXVariantGroup;
			children = (
				9EC9C3EB25495FB800455FDB /* Base */,
			);
			name = Main.storyboard;
			sourceTree = "<group>";
		};
		9EC9C3EF25495FB900455FDB /* LaunchScreen.storyboard */ = {
			isa = PBXVariantGroup;
			children = (
				9EC9C3F025495FB900455FDB /* Base */,
			);
			name = LaunchScreen.storyboard;
			sourceTree = "<group>";
		};
/* End PBXVariantGroup section */

/* Begin XCBuildConfiguration section */
		9EC9C3F325495FB900455FDB /* Debug */ = {
			isa = XCBuildConfiguration;
			buildSettings = {
				ALWAYS_SEARCH_USER_PATHS = NO;
				CLANG_ANALYZER_NONNULL = YES;
				CLANG_ANALYZER_NUMBER_OBJECT_CONVERSION = YES_AGGRESSIVE;
				CLANG_CXX_LANGUAGE_STANDARD = "gnu++14";
				CLANG_CXX_LIBRARY = "libc++";
				CLANG_ENABLE_MODULES = YES;
				CLANG_ENABLE_OBJC_ARC = YES;
				CLANG_ENABLE_OBJC_WEAK = YES;
				CLANG_WARN_BLOCK_CAPTURE_AUTORELEASING = YES;
				CLANG_WARN_BOOL_CONVERSION = YES;
				CLANG_WARN_COMMA = YES;
				CLANG_WARN_CONSTANT_CONVERSION = YES;
				CLANG_WARN_DEPRECATED_OBJC_IMPLEMENTATIONS = YES;
				CLANG_WARN_DIRECT_OBJC_ISA_USAGE = YES_ERROR;
				CLANG_WARN_DOCUMENTATION_COMMENTS = YES;
				CLANG_WARN_EMPTY_BODY = YES;
				CLANG_WARN_ENUM_CONVERSION = YES;
				CLANG_WARN_INFINITE_RECURSION = YES;
				CLANG_WARN_INT_CONVERSION = YES;
				CLANG_WARN_NON_LITERAL_NULL_CONVERSION = YES;
				CLANG_WARN_OBJC_IMPLICIT_RETAIN_SELF = YES;
				CLANG_WARN_OBJC_LITERAL_CONVERSION = YES;
				CLANG_WARN_OBJC_ROOT_CLASS = YES_ERROR;
				CLANG_WARN_QUOTED_INCLUDE_IN_FRAMEWORK_HEADER = YES;
				CLANG_WARN_RANGE_LOOP_ANALYSIS = YES;
				CLANG_WARN_STRICT_PROTOTYPES = YES;
				CLANG_WARN_SUSPICIOUS_MOVE = YES;
				CLANG_WARN_UNGUARDED_AVAILABILITY = YES_AGGRESSIVE;
				CLANG_WARN_UNREACHABLE_CODE = YES;
				CLANG_WARN__DUPLICATE_METHOD_MATCH = YES;
				COPY_PHASE_STRIP = NO;
				DEBUG_INFORMATION_FORMAT = dwarf;
				ENABLE_STRICT_OBJC_MSGSEND = YES;
				ENABLE_TESTABILITY = YES;
				GCC_C_LANGUAGE_STANDARD = gnu11;
				GCC_DYNAMIC_NO_PIC = NO;
				GCC_NO_COMMON_BLOCKS = YES;
				GCC_OPTIMIZATION_LEVEL = 0;
				GCC_PREPROCESSOR_DEFINITIONS = (
					"DEBUG=1",
					"$(inherited)",
				);
				GCC_WARN_64_TO_32_BIT_CONVERSION = YES;
				GCC_WARN_ABOUT_RETURN_TYPE = YES_ERROR;
				GCC_WARN_UNDECLARED_SELECTOR = YES;
				GCC_WARN_UNINITIALIZED_AUTOS = YES_AGGRESSIVE;
				GCC_WARN_UNUSED_FUNCTION = YES;
				GCC_WARN_UNUSED_VARIABLE = YES;
				IPHONEOS_DEPLOYMENT_TARGET = 14.0;
				MTL_ENABLE_DEBUG_INFO = INCLUDE_SOURCE;
				MTL_FAST_MATH = YES;
				ONLY_ACTIVE_ARCH = YES;
				SDKROOT = iphoneos;
				SWIFT_ACTIVE_COMPILATION_CONDITIONS = DEBUG;
				SWIFT_OPTIMIZATION_LEVEL = "-Onone";
			};
			name = Debug;
		};
		9EC9C3F425495FB900455FDB /* Release */ = {
			isa = XCBuildConfiguration;
			buildSettings = {
				ALWAYS_SEARCH_USER_PATHS = NO;
				CLANG_ANALYZER_NONNULL = YES;
				CLANG_ANALYZER_NUMBER_OBJECT_CONVERSION = YES_AGGRESSIVE;
				CLANG_CXX_LANGUAGE_STANDARD = "gnu++14";
				CLANG_CXX_LIBRARY = "libc++";
				CLANG_ENABLE_MODULES = YES;
				CLANG_ENABLE_OBJC_ARC = YES;
				CLANG_ENABLE_OBJC_WEAK = YES;
				CLANG_WARN_BLOCK_CAPTURE_AUTORELEASING = YES;
				CLANG_WARN_BOOL_CONVERSION = YES;
				CLANG_WARN_COMMA = YES;
				CLANG_WARN_CONSTANT_CONVERSION = YES;
				CLANG_WARN_DEPRECATED_OBJC_IMPLEMENTATIONS = YES;
				CLANG_WARN_DIRECT_OBJC_ISA_USAGE = YES_ERROR;
				CLANG_WARN_DOCUMENTATION_COMMENTS = YES;
				CLANG_WARN_EMPTY_BODY = YES;
				CLANG_WARN_ENUM_CONVERSION = YES;
				CLANG_WARN_INFINITE_RECURSION = YES;
				CLANG_WARN_INT_CONVERSION = YES;
				CLANG_WARN_NON_LITERAL_NULL_CONVERSION = YES;
				CLANG_WARN_OBJC_IMPLICIT_RETAIN_SELF = YES;
				CLANG_WARN_OBJC_LITERAL_CONVERSION = YES;
				CLANG_WARN_OBJC_ROOT_CLASS = YES_ERROR;
				CLANG_WARN_QUOTED_INCLUDE_IN_FRAMEWORK_HEADER = YES;
				CLANG_WARN_RANGE_LOOP_ANALYSIS = YES;
				CLANG_WARN_STRICT_PROTOTYPES = YES;
				CLANG_WARN_SUSPICIOUS_MOVE = YES;
				CLANG_WARN_UNGUARDED_AVAILABILITY = YES_AGGRESSIVE;
				CLANG_WARN_UNREACHABLE_CODE = YES;
				CLANG_WARN__DUPLICATE_METHOD_MATCH = YES;
				COPY_PHASE_STRIP = NO;
				DEBUG_INFORMATION_FORMAT = "dwarf-with-dsym";
				ENABLE_NS_ASSERTIONS = NO;
				ENABLE_STRICT_OBJC_MSGSEND = YES;
				GCC_C_LANGUAGE_STANDARD = gnu11;
				GCC_NO_COMMON_BLOCKS = YES;
				GCC_WARN_64_TO_32_BIT_CONVERSION = YES;
				GCC_WARN_ABOUT_RETURN_TYPE = YES_ERROR;
				GCC_WARN_UNDECLARED_SELECTOR = YES;
				GCC_WARN_UNINITIALIZED_AUTOS = YES_AGGRESSIVE;
				GCC_WARN_UNUSED_FUNCTION = YES;
				GCC_WARN_UNUSED_VARIABLE = YES;
				IPHONEOS_DEPLOYMENT_TARGET = 14.0;
				MTL_ENABLE_DEBUG_INFO = NO;
				MTL_FAST_MATH = YES;
				SDKROOT = iphoneos;
				SWIFT_COMPILATION_MODE = wholemodule;
				SWIFT_OPTIMIZATION_LEVEL = "-O";
				VALIDATE_PRODUCT = YES;
			};
			name = Release;
		};
		9EC9C3F625495FB900455FDB /* Debug */ = {
			isa = XCBuildConfiguration;
			buildSettings = {
				ASSETCATALOG_COMPILER_APPICON_NAME = AppIcon;
				ASSETCATALOG_COMPILER_GLOBAL_ACCENT_COLOR_NAME = AccentColor;
				CODE_SIGN_STYLE = Automatic;
				INFOPLIST_FILE = AppBuild/Info.plist;
				LD_RUNPATH_SEARCH_PATHS = (
					"$(inherited)",
					"@executable_path/Frameworks",
				);
				PRODUCT_BUNDLE_IDENTIFIER = com.demo.AppBuild;
				PRODUCT_NAME = "$(TARGET_NAME)";
				SWIFT_VERSION = 5.0;
				TARGETED_DEVICE_FAMILY = "1,2";
			};
			name = Debug;
		};
		9EC9C3F725495FB900455FDB /* Release */ = {
			isa = XCBuildConfiguration;
			buildSettings = {
				ASSETCATALOG_COMPILER_APPICON_NAME = AppIcon;
				ASSETCATALOG_COMPILER_GLOBAL_ACCENT_COLOR_NAME = AccentColor;
				CODE_SIGN_STYLE = Automatic;
				INFOPLIST_FILE = AppBuild/Info.plist;
				LD_RUNPATH_SEARCH_PATHS = (
					"$(inherited)",
					"@executable_path/Frameworks",
				);
				PRODUCT_BUNDLE_IDENTIFIER = com.demo.AppBuild;
				PRODUCT_NAME = "$(TARGET_NAME)";
				SWIFT_VERSION = 5.0;
				TARGETED_DEVICE_FAMILY = "1,2";
			};
			name = Release;
		};
/* End XCBuildConfiguration section */

/* Begin XCConfigurationList section */
		9EC9C3DC25495FB800455FDB /* Build configuration list for PBXProject "AppBuild" */ = {
			isa = XCConfigurationList;
			buildConfigurations = (
				9EC9C3F325495FB900455FDB /* Debug */,
				9EC9C3F425495FB900455FDB /* Release */,
			);
			defaultConfigurationIsVisible = 0;
			defaultConfigurationName = Release;
		};
		9EC9C3F525495FB900455FDB /* Build configuration list for PBXNativeTarget "AppBuild" */ = {
			isa = XCConfigurationList;
			buildConfigurations = (
				9EC9C3F625495FB900455FDB /* Debug */,
				9EC9C3F725495FB900455FDB /* Release */,
			);
			defaultConfigurationIsVisible = 0;
			defaultConfigurationName = Release;
		};
/* End XCConfigurationList section */
	};
	rootObject = 9EC9C3D925495FB800455FDB /* Project object */;
}
