// !$*UTF8*$!
{
	archiveVersion = 1;
	classes = {
	};
	objectVersion = 50;
	objects = {

/* Begin PBXBuildFile section */
		9E6AE4932546BDB500AA816B /* AppDelegate.swift in Sources */ = {isa = PBXBuildFile; fileRef = 9E6AE4922546BDB500AA816B /* AppDelegate.swift */; };
		9E6AE4952546BDB500AA816B /* SceneDelegate.swift in Sources */ = {isa = PBXBuildFile; fileRef = 9E6AE4942546BDB500AA816B /* SceneDelegate.swift */; };
		9E6AE4972546BDB500AA816B /* ViewController.swift in Sources */ = {isa = PBXBuildFile; fileRef = 9E6AE4962546BDB500AA816B /* ViewController.swift */; };
		9E6AE49A2546BDB500AA816B /* Main.storyboard in Resources */ = {isa = PBXBuildFile; fileRef = 9E6AE4982546BDB500AA816B /* Main.storyboard */; };
		9E6AE49C2546BDB600AA816B /* Assets.xcassets in Resources */ = {isa = PBXBuildFile; fileRef = 9E6AE49B2546BDB600AA816B /* Assets.xcassets */; };
		9E6AE49F2546BDB600AA816B /* LaunchScreen.storyboard in Resources */ = {isa = PBXBuildFile; fileRef = 9E6AE49D2546BDB600AA816B /* LaunchScreen.storyboard */; };
		9E6AE4A82546BEAC00AA816B /* TableViewController.swift in Sources */ = {isa = PBXBuildFile; fileRef = 9E6AE4A72546BEAC00AA816B /* TableViewController.swift */; };
/* End PBXBuildFile section */

/* Begin PBXFileReference section */
		9E6AE48F2546BDB500AA816B /* RowApp1.app */ = {isa = PBXFileReference; explicitFileType = wrapper.application; includeInIndex = 0; path = RowApp1.app; sourceTree = BUILT_PRODUCTS_DIR; };
		9E6AE4922546BDB500AA816B /* AppDelegate.swift */ = {isa = PBXFileReference; lastKnownFileType = sourcecode.swift; path = AppDelegate.swift; sourceTree = "<group>"; };
		9E6AE4942546BDB500AA816B /* SceneDelegate.swift */ = {isa = PBXFileReference; lastKnownFileType = sourcecode.swift; path = SceneDelegate.swift; sourceTree = "<group>"; };
		9E6AE4962546BDB500AA816B /* ViewController.swift */ = {isa = PBXFileReference; lastKnownFileType = sourcecode.swift; path = ViewController.swift; sourceTree = "<group>"; };
		9E6AE4992546BDB500AA816B /* Base */ = {isa = PBXFileReference; lastKnownFileType = file.storyboard; name = Base; path = Base.lproj/Main.storyboard; sourceTree = "<group>"; };
		9E6AE49B2546BDB600AA816B /* Assets.xcassets */ = {isa = PBXFileReference; lastKnownFileType = folder.assetcatalog; path = Assets.xcassets; sourceTree = "<group>"; };
		9E6AE49E2546BDB600AA816B /* Base */ = {isa = PBXFileReference; lastKnownFileType = file.storyboard; name = Base; path = Base.lproj/LaunchScreen.storyboard; sourceTree = "<group>"; };
		9E6AE4A02546BDB600AA816B /* Info.plist */ = {isa = PBXFileReference; lastKnownFileType = text.plist.xml; path = Info.plist; sourceTree = "<group>"; };
		9E6AE4A72546BEAC00AA816B /* TableViewController.swift */ = {isa = PBXFileReference; lastKnownFileType = sourcecode.swift; path = TableViewController.swift; sourceTree = "<group>"; };
/* End PBXFileReference section */

/* Begin PBXFrameworksBuildPhase section */
		9E6AE48C2546BDB500AA816B /* Frameworks */ = {
			isa = PBXFrameworksBuildPhase;
			buildActionMask = 2147483647;
			files = (
			);
			runOnlyForDeploymentPostprocessing = 0;
		};
/* End PBXFrameworksBuildPhase section */

/* Begin PBXGroup section */
		9E6AE4862546BDB500AA816B = {
			isa = PBXGroup;
			children = (
				9E6AE4912546BDB500AA816B /* RowApp1 */,
				9E6AE4902546BDB500AA816B /* Products */,
			);
			sourceTree = "<group>";
		};
		9E6AE4902546BDB500AA816B /* Products */ = {
			isa = PBXGroup;
			children = (
				9E6AE48F2546BDB500AA816B /* RowApp1.app */,
			);
			name = Products;
			sourceTree = "<group>";
		};
		9E6AE4912546BDB500AA816B /* RowApp1 */ = {
			isa = PBXGroup;
			children = (
				9E6AE4922546BDB500AA816B /* AppDelegate.swift */,
				9E6AE4942546BDB500AA816B /* SceneDelegate.swift */,
				9E6AE4962546BDB500AA816B /* ViewController.swift */,
				9E6AE4982546BDB500AA816B /* Main.storyboard */,
				9E6AE4A72546BEAC00AA816B /* TableViewController.swift */,
				9E6AE49B2546BDB600AA816B /* Assets.xcassets */,
				9E6AE49D2546BDB600AA816B /* LaunchScreen.storyboard */,
				9E6AE4A02546BDB600AA816B /* Info.plist */,
			);
			path = RowApp1;
			sourceTree = "<group>";
		};
/* End PBXGroup section */

/* Begin PBXNativeTarget section */
		9E6AE48E2546BDB500AA816B /* RowApp1 */ = {
			isa = PBXNativeTarget;
			buildConfigurationList = 9E6AE4A32546BDB600AA816B /* Build configuration list for PBXNativeTarget "RowApp1" */;
			buildPhases = (
				9E6AE48B2546BDB500AA816B /* Sources */,
				9E6AE48C2546BDB500AA816B /* Frameworks */,
				9E6AE48D2546BDB500AA816B /* Resources */,
			);
			buildRules = (
			);
			dependencies = (
			);
			name = RowApp1;
			productName = RowApp1;
			productReference = 9E6AE48F2546BDB500AA816B /* RowApp1.app */;
			productType = "com.apple.product-type.application";
		};
/* End PBXNativeTarget section */

/* Begin PBXProject section */
		9E6AE4872546BDB500AA816B /* Project object */ = {
			isa = PBXProject;
			attributes = {
				LastSwiftUpdateCheck = 1200;
				LastUpgradeCheck = 1200;
				TargetAttributes = {
					9E6AE48E2546BDB500AA816B = {
						CreatedOnToolsVersion = 12.0.1;
					};
				};
			};
			buildConfigurationList = 9E6AE48A2546BDB500AA816B /* Build configuration list for PBXProject "RowApp1" */;
			compatibilityVersion = "Xcode 9.3";
			developmentRegion = en;
			hasScannedForEncodings = 0;
			knownRegions = (
				en,
				Base,
			);
			mainGroup = 9E6AE4862546BDB500AA816B;
			productRefGroup = 9E6AE4902546BDB500AA816B /* Products */;
			projectDirPath = "";
			projectRoot = "";
			targets = (
				9E6AE48E2546BDB500AA816B /* RowApp1 */,
			);
		};
/* End PBXProject section */

/* Begin PBXResourcesBuildPhase section */
		9E6AE48D2546BDB500AA816B /* Resources */ = {
			isa = PBXResourcesBuildPhase;
			buildActionMask = 2147483647;
			files = (
				9E6AE49F2546BDB600AA816B /* LaunchScreen.storyboard in Resources */,
				9E6AE49C2546BDB600AA816B /* Assets.xcassets in Resources */,
				9E6AE49A2546BDB500AA816B /* Main.storyboard in Resources */,
			);
			runOnlyForDeploymentPostprocessing = 0;
		};
/* End PBXResourcesBuildPhase section */

/* Begin PBXSourcesBuildPhase section */
		9E6AE48B2546BDB500AA816B /* Sources */ = {
			isa = PBXSourcesBuildPhase;
			buildActionMask = 2147483647;
			files = (
				9E6AE4972546BDB500AA816B /* ViewController.swift in Sources */,
				9E6AE4932546BDB500AA816B /* AppDelegate.swift in Sources */,
				9E6AE4952546BDB500AA816B /* SceneDelegate.swift in Sources */,
				9E6AE4A82546BEAC00AA816B /* TableViewController.swift in Sources */,
			);
			runOnlyForDeploymentPostprocessing = 0;
		};
/* End PBXSourcesBuildPhase section */

/* Begin PBXVariantGroup section */
		9E6AE4982546BDB500AA816B /* Main.storyboard */ = {
			isa = PBXVariantGroup;
			children = (
				9E6AE4992546BDB500AA816B /* Base */,
			);
			name = Main.storyboard;
			sourceTree = "<group>";
		};
		9E6AE49D2546BDB600AA816B /* LaunchScreen.storyboard */ = {
			isa = PBXVariantGroup;
			children = (
				9E6AE49E2546BDB600AA816B /* Base */,
			);
			name = LaunchScreen.storyboard;
			sourceTree = "<group>";
		};
/* End PBXVariantGroup section */

/* Begin XCBuildConfiguration section */
		9E6AE4A12546BDB600AA816B /* Debug */ = {
			isa = XCBuildConfiguration;
			buildSettings = {
				ALWAYS_SEARCH_USER_PATHS = NO;
				CLANG_ANALYZER_NONNULL = YES;
				CLANG_ANALYZER_NUMBER_OBJECT_CONVERSION = YES_AGGRESSIVE;
				CLANG_CXX_LANGUAGE_STANDARD = "gnu++14";
				CLANG_CXX_LIBRARY = "libc++";
				CLANG_ENABLE_MODULES = YES;
				CLANG_ENABLE_OBJC_ARC = YES;
				CLANG_ENABLE_OBJC_WEAK = YES;
				CLANG_WARN_BLOCK_CAPTURE_AUTORELEASING = YES;
				CLANG_WARN_BOOL_CONVERSION = YES;
				CLANG_WARN_COMMA = YES;
				CLANG_WARN_CONSTANT_CONVERSION = YES;
				CLANG_WARN_DEPRECATED_OBJC_IMPLEMENTATIONS = YES;
				CLANG_WARN_DIRECT_OBJC_ISA_USAGE = YES_ERROR;
				CLANG_WARN_DOCUMENTATION_COMMENTS = YES;
				CLANG_WARN_EMPTY_BODY = YES;
				CLANG_WARN_ENUM_CONVERSION = YES;
				CLANG_WARN_INFINITE_RECURSION = YES;
				CLANG_WARN_INT_CONVERSION = YES;
				CLANG_WARN_NON_LITERAL_NULL_CONVERSION = YES;
				CLANG_WARN_OBJC_IMPLICIT_RETAIN_SELF = YES;
				CLANG_WARN_OBJC_LITERAL_CONVERSION = YES;
				CLANG_WARN_OBJC_ROOT_CLASS = YES_ERROR;
				CLANG_WARN_QUOTED_INCLUDE_IN_FRAMEWORK_HEADER = YES;
				CLANG_WARN_RANGE_LOOP_ANALYSIS = YES;
				CLANG_WARN_STRICT_PROTOTYPES = YES;
				CLANG_WARN_SUSPICIOUS_MOVE = YES;
				CLANG_WARN_UNGUARDED_AVAILABILITY = YES_AGGRESSIVE;
				CLANG_WARN_UNREACHABLE_CODE = YES;
				CLANG_WARN__DUPLICATE_METHOD_MATCH = YES;
				COPY_PHASE_STRIP = NO;
				DEBUG_INFORMATION_FORMAT = dwarf;
				ENABLE_STRICT_OBJC_MSGSEND = YES;
				ENABLE_TESTABILITY = YES;
				GCC_C_LANGUAGE_STANDARD = gnu11;
				GCC_DYNAMIC_NO_PIC = NO;
				GCC_NO_COMMON_BLOCKS = YES;
				GCC_OPTIMIZATION_LEVEL = 0;
				GCC_PREPROCESSOR_DEFINITIONS = (
					"DEBUG=1",
					"$(inherited)",
				);
				GCC_WARN_64_TO_32_BIT_CONVERSION = YES;
				GCC_WARN_ABOUT_RETURN_TYPE = YES_ERROR;
				GCC_WARN_UNDECLARED_SELECTOR = YES;
				GCC_WARN_UNINITIALIZED_AUTOS = YES_AGGRESSIVE;
				GCC_WARN_UNUSED_FUNCTION = YES;
				GCC_WARN_UNUSED_VARIABLE = YES;
				IPHONEOS_DEPLOYMENT_TARGET = 14.0;
				MTL_ENABLE_DEBUG_INFO = INCLUDE_SOURCE;
				MTL_FAST_MATH = YES;
				ONLY_ACTIVE_ARCH = YES;
				SDKROOT = iphoneos;
				SWIFT_ACTIVE_COMPILATION_CONDITIONS = DEBUG;
				SWIFT_OPTIMIZATION_LEVEL = "-Onone";
			};
			name = Debug;
		};
		9E6AE4A22546BDB600AA816B /* Release */ = {
			isa = XCBuildConfiguration;
			buildSettings = {
				ALWAYS_SEARCH_USER_PATHS = NO;
				CLANG_ANALYZER_NONNULL = YES;
				CLANG_ANALYZER_NUMBER_OBJECT_CONVERSION = YES_AGGRESSIVE;
				CLANG_CXX_LANGUAGE_STANDARD = "gnu++14";
				CLANG_CXX_LIBRARY = "libc++";
				CLANG_ENABLE_MODULES = YES;
				CLANG_ENABLE_OBJC_ARC = YES;
				CLANG_ENABLE_OBJC_WEAK = YES;
				CLANG_WARN_BLOCK_CAPTURE_AUTORELEASING = YES;
				CLANG_WARN_BOOL_CONVERSION = YES;
				CLANG_WARN_COMMA = YES;
				CLANG_WARN_CONSTANT_CONVERSION = YES;
				CLANG_WARN_DEPRECATED_OBJC_IMPLEMENTATIONS = YES;
				CLANG_WARN_DIRECT_OBJC_ISA_USAGE = YES_ERROR;
				CLANG_WARN_DOCUMENTATION_COMMENTS = YES;
				CLANG_WARN_EMPTY_BODY = YES;
				CLANG_WARN_ENUM_CONVERSION = YES;
				CLANG_WARN_INFINITE_RECURSION = YES;
				CLANG_WARN_INT_CONVERSION = YES;
				CLANG_WARN_NON_LITERAL_NULL_CONVERSION = YES;
				CLANG_WARN_OBJC_IMPLICIT_RETAIN_SELF = YES;
				CLANG_WARN_OBJC_LITERAL_CONVERSION = YES;
				CLANG_WARN_OBJC_ROOT_CLASS = YES_ERROR;
				CLANG_WARN_QUOTED_INCLUDE_IN_FRAMEWORK_HEADER = YES;
				CLANG_WARN_RANGE_LOOP_ANALYSIS = YES;
				CLANG_WARN_STRICT_PROTOTYPES = YES;
				CLANG_WARN_SUSPICIOUS_MOVE = YES;
				CLANG_WARN_UNGUARDED_AVAILABILITY = YES_AGGRESSIVE;
				CLANG_WARN_UNREACHABLE_CODE = YES;
				CLANG_WARN__DUPLICATE_METHOD_MATCH = YES;
				COPY_PHASE_STRIP = NO;
				DEBUG_INFORMATION_FORMAT = "dwarf-with-dsym";
				ENABLE_NS_ASSERTIONS = NO;
				ENABLE_STRICT_OBJC_MSGSEND = YES;
				GCC_C_LANGUAGE_STANDARD = gnu11;
				GCC_NO_COMMON_BLOCKS = YES;
				GCC_WARN_64_TO_32_BIT_CONVERSION = YES;
				GCC_WARN_ABOUT_RETURN_TYPE = YES_ERROR;
				GCC_WARN_UNDECLARED_SELECTOR = YES;
				GCC_WARN_UNINITIALIZED_AUTOS = YES_AGGRESSIVE;
				GCC_WARN_UNUSED_FUNCTION = YES;
				GCC_WARN_UNUSED_VARIABLE = YES;
				IPHONEOS_DEPLOYMENT_TARGET = 14.0;
				MTL_ENABLE_DEBUG_INFO = NO;
				MTL_FAST_MATH = YES;
				SDKROOT = iphoneos;
				SWIFT_COMPILATION_MODE = wholemodule;
				SWIFT_OPTIMIZATION_LEVEL = "-O";
				VALIDATE_PRODUCT = YES;
			};
			name = Release;
		};
		9E6AE4A42546BDB600AA816B /* Debug */ = {
			isa = XCBuildConfiguration;
			buildSettings = {
				ASSETCATALOG_COMPILER_APPICON_NAME = AppIcon;
				ASSETCATALOG_COMPILER_GLOBAL_ACCENT_COLOR_NAME = AccentColor;
				CODE_SIGN_STYLE = Automatic;
				INFOPLIST_FILE = RowApp1/Info.plist;
				LD_RUNPATH_SEARCH_PATHS = (
					"$(inherited)",
					"@executable_path/Frameworks",
				);
				PRODUCT_BUNDLE_IDENTIFIER = com.demo.RowApp1;
				PRODUCT_NAME = "$(TARGET_NAME)";
				SWIFT_VERSION = 5.0;
				TARGETED_DEVICE_FAMILY = "1,2";
			};
			name = Debug;
		};
		9E6AE4A52546BDB600AA816B /* Release */ = {
			isa = XCBuildConfiguration;
			buildSettings = {
				ASSETCATALOG_COMPILER_APPICON_NAME = AppIcon;
				ASSETCATALOG_COMPILER_GLOBAL_ACCENT_COLOR_NAME = AccentColor;
				CODE_SIGN_STYLE = Automatic;
				INFOPLIST_FILE = RowApp1/Info.plist;
				LD_RUNPATH_SEARCH_PATHS = (
					"$(inherited)",
					"@executable_path/Frameworks",
				);
				PRODUCT_BUNDLE_IDENTIFIER = com.demo.RowApp1;
				PRODUCT_NAME = "$(TARGET_NAME)";
				SWIFT_VERSION = 5.0;
				TARGETED_DEVICE_FAMILY = "1,2";
			};
			name = Release;
		};
/* End XCBuildConfiguration section */

/* Begin XCConfigurationList section */
		9E6AE48A2546BDB500AA816B /* Build configuration list for PBXProject "RowApp1" */ = {
			isa = XCConfigurationList;
			buildConfigurations = (
				9E6AE4A12546BDB600AA816B /* Debug */,
				9E6AE4A22546BDB600AA816B /* Release */,
			);
			defaultConfigurationIsVisible = 0;
			defaultConfigurationName = Release;
		};
		9E6AE4A32546BDB600AA816B /* Build configuration list for PBXNativeTarget "RowApp1" */ = {
			isa = XCConfigurationList;
			buildConfigurations = (
				9E6AE4A42546BDB600AA816B /* Debug */,
				9E6AE4A52546BDB600AA816B /* Release */,
			);
			defaultConfigurationIsVisible = 0;
			defaultConfigurationName = Release;
		};
/* End XCConfigurationList section */
	};
	rootObject = 9E6AE4872546BDB500AA816B /* Project object */;
}
